<?xml version="1.0" encoding="utf-8"?>
<Project ToolsVersion="4.0" xmlns="http://schemas.microsoft.com/developer/msbuild/2003">
  <ItemGroup>
    <Filter Include="源文件">
      <UniqueIdentifier>{4FC737F1-C7A5-4376-A066-2A32D752A2FF}</UniqueIdentifier>
      <Extensions>cpp;c;cc;cxx;def;odl;idl;hpj;bat;asm;asmx</Extensions>
    </Filter>
    <Filter Include="头文件">
      <UniqueIdentifier>{93995380-89BD-4b04-88EB-625FBE52EBFB}</UniqueIdentifier>
      <Extensions>h;hpp;hxx;hm;inl;inc;xsd</Extensions>
    </Filter>
    <Filter Include="资源文件">
      <UniqueIdentifier>{67DA6AB6-F800-4c08-8B7A-83BB121AAD01}</UniqueIdentifier>
      <Extensions>rc;ico;cur;bmp;dlg;rc2;rct;bin;rgs;gif;jpg;jpeg;jpe;resx;tiff;tif;png;wav;mfcribbon-ms</Extensions>
    </Filter>
  </ItemGroup>
  <ItemGroup>
    <None Include="ReadMe.txt" />
    <None Include="res\Phone.rc2">
      <Filter>资源文件</Filter>
    </None>
    <None Include="res\Phone.ico">
      <Filter>资源文件</Filter>
    </None>
  </ItemGroup>
  <ItemGroup>
    <ClInclude Include="Phone.h">
      <Filter>头文件</Filter>
    </ClInclude>
    <ClInclude Include="PhoneDlg.h">
      <Filter>头文件</Filter>
    </ClInclude>
    <ClInclude Include="stdafx.h">
      <Filter>头文件</Filter>
    </ClInclude>
    <ClInclude Include="targetver.h">
      <Filter>头文件</Filter>
    </ClInclude>
    <ClInclude Include="Resource.h">
      <Filter>头文件</Filter>
    </ClInclude>
    <ClInclude Include="MessageDlg.h">
      <Filter>头文件</Filter>
    </ClInclude>
    <ClInclude Include="ClockDlg.h">
      <Filter>头文件</Filter>
    </ClInclude>
    <ClInclude Include="DialDlg.h">
      <Filter>头文件</Filter>
    </ClInclude>
    <ClInclude Include="AddressDlg.h">
      <Filter>头文件</Filter>
    </ClInclude>
    <ClInclude Include="TabCtrl.h">
      <Filter>头文件</Filter>
    </ClInclude>
    <ClInclude Include="QueryPage.h">
      <Filter>头文件</Filter>
    </ClInclude>
    <ClInclude Include="InsertPage.h">
      <Filter>头文件</Filter>
    </ClInclude>
    <ClInclude Include="ImportPage.h">
      <Filter>头文件</Filter>
    </ClInclude>
    <ClInclude Include="UpdatePage.h">
      <Filter>头文件</Filter>
    </ClInclude>
    <ClInclude Include="DataAccess.h">
      <Filter>头文件</Filter>
    </ClInclude>
    <ClInclude Include="ListTable.h">
      <Filter>头文件</Filter>
    </ClInclude>
  </ItemGroup>
  <ItemGroup>
    <ClCompile Include="Phone.cpp">
      <Filter>源文件</Filter>
    </ClCompile>
    <ClCompile Include="PhoneDlg.cpp">
      <Filter>源文件</Filter>
    </ClCompile>
    <ClCompile Include="stdafx.cpp">
      <Filter>源文件</Filter>
    </ClCompile>
    <ClCompile Include="MessageDlg.cpp">
      <Filter>源文件</Filter>
    </ClCompile>
    <ClCompile Include="ClockDlg.cpp">
      <Filter>源文件</Filter>
    </ClCompile>
    <ClCompile Include="DialDlg.cpp">
      <Filter>源文件</Filter>
    </ClCompile>
    <ClCompile Include="AddressDlg.cpp">
      <Filter>源文件</Filter>
    </ClCompile>
    <ClCompile Include="TabCtrl.cpp">
      <Filter>源文件</Filter>
    </ClCompile>
    <ClCompile Include="QueryPage.cpp">
      <Filter>源文件</Filter>
    </ClCompile>
    <ClCompile Include="InsertPage.cpp">
      <Filter>源文件</Filter>
    </ClCompile>
    <ClCompile Include="ImportPage.cpp">
      <Filter>源文件</Filter>
    </ClCompile>
    <ClCompile Include="UpdatePage.cpp">
      <Filter>源文件</Filter>
    </ClCompile>
    <ClCompile Include="DataAccess.cpp">
      <Filter>源文件</Filter>
    </ClCompile>
    <ClCompile Include="ListTable.cpp">
      <Filter>源文件</Filter>
    </ClCompile>
  </ItemGroup>
  <ItemGroup>
    <ResourceCompile Include="Phone.rc">
      <Filter>资源文件</Filter>
    </ResourceCompile>
  </ItemGroup>
</Project>